
Microsoft Visual Studio Solution File, Format Version 12.00
# Visual Studio 15
VisualStudioVersion = 15.0.28307.168
MinimumVisualStudioVersion = 10.0.40219.1
Project("{FAE04EC0-301F-11D3-BF4B-00C04F79EFBC}") = "SlotAlignmentOptimizer", "SlotAlignmentOptimizer\SlotAlignmentOptimizer.csproj", "{8EA2FD08-83D5-4336-A26D-6888CFEDB8EA}"
EndProject
Global
	GlobalSection(SolutionConfigurationPlatforms) = preSolution
		Debug|Any CPU = Debug|Any CPU
		Debug|ARM = Debug|ARM
		Debug|ARM64 = Debug|ARM64
		Debug|x64 = Debug|x64
		Debug|x86 = Debug|x86
		Release|Any CPU = Release|Any CPU
		Release|ARM = Release|ARM
		Release|ARM64 = Release|ARM64
		Release|x64 = Release|x64
		Release|x86 = Release|x86
	EndGlobalSection
	GlobalSection(ProjectConfigurationPlatforms) = postSolution
		{8EA2FD08-83D5-4336-A26D-6888CFEDB8EA}.Debug|Any CPU.ActiveCfg = Debug|Any CPU
		{8EA2FD08-83D5-4336-A26D-6888CFEDB8EA}.Debug|Any CPU.Build.0 = Debug|Any CPU
		{8EA2FD08-83D5-4336-A26D-6888CFEDB8EA}.Debug|ARM.ActiveCfg = Debug|ARM
		{8EA2FD08-83D5-4336-A26D-6888CFEDB8EA}.Debug|ARM.Build.0 = Debug|ARM
		{8EA2FD08-83D5-4336-A26D-6888CFEDB8EA}.Debug|ARM64.ActiveCfg = Debug|ARM64
		{8EA2FD08-83D5-4336-A26D-6888CFEDB8EA}.Debug|ARM64.Build.0 = Debug|ARM64
		{8EA2FD08-83D5-4336-A26D-6888CFEDB8EA}.Debug|x64.ActiveCfg = Debug|x64
		{8EA2FD08-83D5-4336-A26D-6888CFEDB8EA}.Debug|x64.Build.0 = Debug|x64
		{8EA2FD08-83D5-4336-A26D-6888CFEDB8EA}.Debug|x86.ActiveCfg = Debug|x86
		{8EA2FD08-83D5-4336-A26D-6888CFEDB8EA}.Debug|x86.Build.0 = Debug|x86
		{8EA2FD08-83D5-4336-A26D-6888CFEDB8EA}.Release|Any CPU.ActiveCfg = Release|Any CPU
		{8EA2FD08-83D5-4336-A26D-6888CFEDB8EA}.Release|Any CPU.Build.0 = Release|Any CPU
		{8EA2FD08-83D5-4336-A26D-6888CFEDB8EA}.Release|ARM.ActiveCfg = Release|ARM
		{8EA2FD08-83D5-4336-A26D-6888CFEDB8EA}.Release|ARM.Build.0 = Release|ARM
		{8EA2FD08-83D5-4336-A26D-6888CFEDB8EA}.Release|ARM64.ActiveCfg = Release|ARM64
		{8EA2FD08-83D5-4336-A26D-6888CFEDB8EA}.Release|ARM64.Build.0 = Release|ARM64
		{8EA2FD08-83D5-4336-A26D-6888CFEDB8EA}.Release|x64.ActiveCfg = Release|x64
		{8EA2FD08-83D5-4336-A26D-6888CFEDB8EA}.Release|x64.Build.0 = Release|x64
		{8EA2FD08-83D5-4336-A26D-6888CFEDB8EA}.Release|x86.ActiveCfg = Release|x86
		{8EA2FD08-83D5-4336-A26D-6888CFEDB8EA}.Release|x86.Build.0 = Release|x86
	EndGlobalSection
	GlobalSection(SolutionProperties) = preSolution
		HideSolutionNode = FALSE
	EndGlobalSection
	GlobalSection(ExtensibilityGlobals) = postSolution
		SolutionGuid = {11E2E6D5-6DF1-49C9-94C0-330A408F444C}
	EndGlobalSection
EndGlobal
